
Microsoft Visual Studio Solution File, Format Version 12.00
# Visual Studio 15
Project("{FAE04EC0-301F-11D3-BF4B-00C04F79EFBC}") = "AzureDevOps.Android", "AzureDevOps.Android\AzureDevOps.Android.csproj", "{2B6B21CD-7731-4FCC-8800-C015EF465DB8}"
EndProject
Project("{FAE04EC0-301F-11D3-BF4B-00C04F79EFBC}") = "AzureDevOps.iOS", "AzureDevOps.iOS\AzureDevOps.iOS.csproj", "{932E9044-5E61-40A8-A252-4E4A0479D8DF}"
EndProject
Project("{FAE04EC0-301F-11D3-BF4B-00C04F79EFBC}") = "AzureDevOps.UITests", "AzureDevOps.UITests\AzureDevOps.UITests.csproj", "{B19C892E-2628-4CA7-AD27-08D406A3B14B}"
EndProject
Project("{FAE04EC0-301F-11D3-BF4B-00C04F79EFBC}") = "AzureDevOps", "AzureDevOps\AzureDevOps.csproj", "{462D6349-7BBE-4CA1-9B45-AF308F4C3510}"
EndProject
Global
	GlobalSection(SolutionConfigurationPlatforms) = preSolution
		Debug|Any CPU = Debug|Any CPU
		Release|Any CPU = Release|Any CPU
		Debug|iPhoneSimulator = Debug|iPhoneSimulator
		Release|iPhoneSimulator = Release|iPhoneSimulator
		Debug|iPhone = Debug|iPhone
		Release|iPhone = Release|iPhone
		Ad-Hoc|iPhone = Ad-Hoc|iPhone
		AppStore|iPhone = AppStore|iPhone
	EndGlobalSection
	GlobalSection(ProjectConfigurationPlatforms) = postSolution
		{2B6B21CD-7731-4FCC-8800-C015EF465DB8}.Debug|Any CPU.ActiveCfg = Debug|Any CPU
		{2B6B21CD-7731-4FCC-8800-C015EF465DB8}.Debug|Any CPU.Build.0 = Debug|Any CPU
		{2B6B21CD-7731-4FCC-8800-C015EF465DB8}.Release|Any CPU.ActiveCfg = Release|Any CPU
		{2B6B21CD-7731-4FCC-8800-C015EF465DB8}.Release|Any CPU.Build.0 = Release|Any CPU
		{2B6B21CD-7731-4FCC-8800-C015EF465DB8}.Debug|iPhoneSimulator.ActiveCfg = Debug|Any CPU
		{2B6B21CD-7731-4FCC-8800-C015EF465DB8}.Debug|iPhoneSimulator.Build.0 = Debug|Any CPU
		{2B6B21CD-7731-4FCC-8800-C015EF465DB8}.Release|iPhoneSimulator.ActiveCfg = Release|Any CPU
		{2B6B21CD-7731-4FCC-8800-C015EF465DB8}.Release|iPhoneSimulator.Build.0 = Release|Any CPU
		{2B6B21CD-7731-4FCC-8800-C015EF465DB8}.Debug|iPhone.ActiveCfg = Debug|Any CPU
		{2B6B21CD-7731-4FCC-8800-C015EF465DB8}.Debug|iPhone.Build.0 = Debug|Any CPU
		{2B6B21CD-7731-4FCC-8800-C015EF465DB8}.Release|iPhone.ActiveCfg = Release|Any CPU
		{2B6B21CD-7731-4FCC-8800-C015EF465DB8}.Release|iPhone.Build.0 = Release|Any CPU
		{2B6B21CD-7731-4FCC-8800-C015EF465DB8}.Ad-Hoc|iPhone.ActiveCfg = Debug|Any CPU
		{2B6B21CD-7731-4FCC-8800-C015EF465DB8}.Ad-Hoc|iPhone.Build.0 = Debug|Any CPU
		{2B6B21CD-7731-4FCC-8800-C015EF465DB8}.AppStore|iPhone.ActiveCfg = Debug|Any CPU
		{2B6B21CD-7731-4FCC-8800-C015EF465DB8}.AppStore|iPhone.Build.0 = Debug|Any CPU
		{932E9044-5E61-40A8-A252-4E4A0479D8DF}.Debug|Any CPU.ActiveCfg = Debug|iPhoneSimulator
		{932E9044-5E61-40A8-A252-4E4A0479D8DF}.Debug|Any CPU.Build.0 = Debug|iPhoneSimulator
		{932E9044-5E61-40A8-A252-4E4A0479D8DF}.Release|Any CPU.ActiveCfg = Release|iPhoneSimulator
		{932E9044-5E61-40A8-A252-4E4A0479D8DF}.Release|Any CPU.Build.0 = Release|iPhoneSimulator
		{932E9044-5E61-40A8-A252-4E4A0479D8DF}.Debug|iPhoneSimulator.ActiveCfg = Debug|iPhoneSimulator
		{932E9044-5E61-40A8-A252-4E4A0479D8DF}.Debug|iPhoneSimulator.Build.0 = Debug|iPhoneSimulator
		{932E9044-5E61-40A8-A252-4E4A0479D8DF}.Release|iPhoneSimulator.ActiveCfg = Release|iPhoneSimulator
		{932E9044-5E61-40A8-A252-4E4A0479D8DF}.Release|iPhoneSimulator.Build.0 = Release|iPhoneSimulator
		{932E9044-5E61-40A8-A252-4E4A0479D8DF}.Debug|iPhone.ActiveCfg = Debug|iPhone
		{932E9044-5E61-40A8-A252-4E4A0479D8DF}.Debug|iPhone.Build.0 = Debug|iPhone
		{932E9044-5E61-40A8-A252-4E4A0479D8DF}.Release|iPhone.ActiveCfg = Release|iPhone
		{932E9044-5E61-40A8-A252-4E4A0479D8DF}.Release|iPhone.Build.0 = Release|iPhone
		{932E9044-5E61-40A8-A252-4E4A0479D8DF}.Ad-Hoc|iPhone.ActiveCfg = Ad-Hoc|iPhone
		{932E9044-5E61-40A8-A252-4E4A0479D8DF}.Ad-Hoc|iPhone.Build.0 = Ad-Hoc|iPhone
		{932E9044-5E61-40A8-A252-4E4A0479D8DF}.AppStore|iPhone.ActiveCfg = AppStore|iPhone
		{932E9044-5E61-40A8-A252-4E4A0479D8DF}.AppStore|iPhone.Build.0 = AppStore|iPhone
		{B19C892E-2628-4CA7-AD27-08D406A3B14B}.Debug|Any CPU.ActiveCfg = Debug|Any CPU
		{B19C892E-2628-4CA7-AD27-08D406A3B14B}.Debug|Any CPU.Build.0 = Debug|Any CPU
		{B19C892E-2628-4CA7-AD27-08D406A3B14B}.Release|Any CPU.ActiveCfg = Release|Any CPU
		{B19C892E-2628-4CA7-AD27-08D406A3B14B}.Release|Any CPU.Build.0 = Release|Any CPU
		{B19C892E-2628-4CA7-AD27-08D406A3B14B}.Debug|iPhoneSimulator.ActiveCfg = Debug|Any CPU
		{B19C892E-2628-4CA7-AD27-08D406A3B14B}.Debug|iPhoneSimulator.Build.0 = Debug|Any CPU
		{B19C892E-2628-4CA7-AD27-08D406A3B14B}.Release|iPhoneSimulator.ActiveCfg = Release|Any CPU
		{B19C892E-2628-4CA7-AD27-08D406A3B14B}.Release|iPhoneSimulator.Build.0 = Release|Any CPU
		{B19C892E-2628-4CA7-AD27-08D406A3B14B}.Debug|iPhone.ActiveCfg = Debug|Any CPU
		{B19C892E-2628-4CA7-AD27-08D406A3B14B}.Debug|iPhone.Build.0 = Debug|Any CPU
		{B19C892E-2628-4CA7-AD27-08D406A3B14B}.Release|iPhone.ActiveCfg = Release|Any CPU
		{B19C892E-2628-4CA7-AD27-08D406A3B14B}.Release|iPhone.Build.0 = Release|Any CPU
		{B19C892E-2628-4CA7-AD27-08D406A3B14B}.Ad-Hoc|iPhone.ActiveCfg = Debug|Any CPU
		{B19C892E-2628-4CA7-AD27-08D406A3B14B}.Ad-Hoc|iPhone.Build.0 = Debug|Any CPU
		{B19C892E-2628-4CA7-AD27-08D406A3B14B}.AppStore|iPhone.ActiveCfg = Debug|Any CPU
		{B19C892E-2628-4CA7-AD27-08D406A3B14B}.AppStore|iPhone.Build.0 = Debug|Any CPU
		{462D6349-7BBE-4CA1-9B45-AF308F4C3510}.Debug|Any CPU.ActiveCfg = Debug|Any CPU
		{462D6349-7BBE-4CA1-9B45-AF308F4C3510}.Debug|Any CPU.Build.0 = Debug|Any CPU
		{462D6349-7BBE-4CA1-9B45-AF308F4C3510}.Release|Any CPU.ActiveCfg = Release|Any CPU
		{462D6349-7BBE-4CA1-9B45-AF308F4C3510}.Release|Any CPU.Build.0 = Release|Any CPU
		{462D6349-7BBE-4CA1-9B45-AF308F4C3510}.Debug|iPhoneSimulator.ActiveCfg = Debug|Any CPU
		{462D6349-7BBE-4CA1-9B45-AF308F4C3510}.Debug|iPhoneSimulator.Build.0 = Debug|Any CPU
		{462D6349-7BBE-4CA1-9B45-AF308F4C3510}.Release|iPhoneSimulator.ActiveCfg = Release|Any CPU
		{462D6349-7BBE-4CA1-9B45-AF308F4C3510}.Release|iPhoneSimulator.Build.0 = Release|Any CPU
		{462D6349-7BBE-4CA1-9B45-AF308F4C3510}.Debug|iPhone.ActiveCfg = Debug|Any CPU
		{462D6349-7BBE-4CA1-9B45-AF308F4C3510}.Debug|iPhone.Build.0 = Debug|Any CPU
		{462D6349-7BBE-4CA1-9B45-AF308F4C3510}.Release|iPhone.ActiveCfg = Release|Any CPU
		{462D6349-7BBE-4CA1-9B45-AF308F4C3510}.Release|iPhone.Build.0 = Release|Any CPU
		{462D6349-7BBE-4CA1-9B45-AF308F4C3510}.Ad-Hoc|iPhone.ActiveCfg = Debug|Any CPU
		{462D6349-7BBE-4CA1-9B45-AF308F4C3510}.Ad-Hoc|iPhone.Build.0 = Debug|Any CPU
		{462D6349-7BBE-4CA1-9B45-AF308F4C3510}.AppStore|iPhone.ActiveCfg = Debug|Any CPU
		{462D6349-7BBE-4CA1-9B45-AF308F4C3510}.AppStore|iPhone.Build.0 = Debug|Any CPU
	EndGlobalSection
EndGlobal
